
Microsoft Visual Studio Solution File, Format Version 12.00
# Visual Studio Version 16
VisualStudioVersion = 16.0.31321.278
MinimumVisualStudioVersion = 10.0.40219.1
Project("{FAE04EC0-301F-11D3-BF4B-00C04F79EFBC}") = "grid_app", "grid_app\grid_app.csproj", "{6AF8CB94-FB34-48BB-AA86-B5A238288669}"
EndProject
Global
	GlobalSection(SolutionConfigurationPlatforms) = preSolution
		Debug|Any CPU = Debug|Any CPU
		Release|Any CPU = Release|Any CPU
	EndGlobalSection
	GlobalSection(ProjectConfigurationPlatforms) = postSolution
		{6AF8CB94-FB34-48BB-AA86-B5A238288669}.Debug|Any CPU.ActiveCfg = Debug|Any CPU
		{6AF8CB94-FB34-48BB-AA86-B5A238288669}.Debug|Any CPU.Build.0 = Debug|Any CPU
		{6AF8CB94-FB34-48BB-AA86-B5A238288669}.Release|Any CPU.ActiveCfg = Release|Any CPU
		{6AF8CB94-FB34-48BB-AA86-B5A238288669}.Release|Any CPU.Build.0 = Release|Any CPU
	EndGlobalSection
	GlobalSection(SolutionProperties) = preSolution
		HideSolutionNode = FALSE
	EndGlobalSection
	GlobalSection(ExtensibilityGlobals) = postSolution
		SolutionGuid = {B3643F3C-403B-4EFC-A9E9-DC50F931ACE7}
	EndGlobalSection
EndGlobal
